
Microsoft Visual Studio Solution File, Format Version 12.00
# Visual Studio Version 16
VisualStudioVersion = 16.0.29911.84
MinimumVisualStudioVersion = 10.0.40219.1
Project("{FAE04EC0-301F-11D3-BF4B-00C04F79EFBC}") = "docker-non-forwarded-ports", "docker-port\docker-non-forwarded-ports.csproj", "{AC747B6E-296D-4BE9-9864-AFCC1E07B9B0}"
EndProject
Global
	GlobalSection(SolutionConfigurationPlatforms) = preSolution
		Debug|Any CPU = Debug|Any CPU
		Release|Any CPU = Release|Any CPU
	EndGlobalSection
	GlobalSection(ProjectConfigurationPlatforms) = postSolution
		{AC747B6E-296D-4BE9-9864-AFCC1E07B9B0}.Debug|Any CPU.ActiveCfg = Debug|Any CPU
		{AC747B6E-296D-4BE9-9864-AFCC1E07B9B0}.Debug|Any CPU.Build.0 = Debug|Any CPU
		{AC747B6E-296D-4BE9-9864-AFCC1E07B9B0}.Release|Any CPU.ActiveCfg = Release|Any CPU
		{AC747B6E-296D-4BE9-9864-AFCC1E07B9B0}.Release|Any CPU.Build.0 = Release|Any CPU
	EndGlobalSection
	GlobalSection(SolutionProperties) = preSolution
		HideSolutionNode = FALSE
	EndGlobalSection
	GlobalSection(ExtensibilityGlobals) = postSolution
		SolutionGuid = {7CD12105-846C-4EA5-93DF-747AC96F6373}
	EndGlobalSection
EndGlobal
